
Microsoft Visual Studio Solution File, Format Version 12.00
Project("{FAE04EC0-301F-11D3-BF4B-00C04F79EFBC}") = "FastWinSearch", "FastWinSearch.csproj", "{75DF34BB-6C4A-4120-90F3-E8FE5141014C}"
EndProject
Global
	GlobalSection(SolutionConfigurationPlatforms) = preSolution
		Debug|Any CPU = Debug|Any CPU
		Release|Any CPU = Release|Any CPU
	EndGlobalSection
	GlobalSection(ProjectConfigurationPlatforms) = postSolution
		{75DF34BB-6C4A-4120-90F3-E8FE5141014C}.Debug|Any CPU.ActiveCfg = Debug|Any CPU
		{75DF34BB-6C4A-4120-90F3-E8FE5141014C}.Debug|Any CPU.Build.0 = Debug|Any CPU
		{75DF34BB-6C4A-4120-90F3-E8FE5141014C}.Release|Any CPU.ActiveCfg = Release|Any CPU
		{75DF34BB-6C4A-4120-90F3-E8FE5141014C}.Release|Any CPU.Build.0 = Release|Any CPU
	EndGlobalSection
EndGlobal
